
Microsoft Visual Studio Solution File, Format Version 12.00
# Visual Studio Version 17
VisualStudioVersion = 17.1.32421.90
MinimumVisualStudioVersion = 10.0.40219.1
Project("{FAE04EC0-301F-11D3-BF4B-00C04F79EFBC}") = "corewcf-repro-2", "corewcf-repro-2\corewcf-repro-2.csproj", "{EBF8AA82-4F40-47B3-8F9E-A0408F65F3E6}"
EndProject
Global
	GlobalSection(SolutionConfigurationPlatforms) = preSolution
		Debug|Any CPU = Debug|Any CPU
		Release|Any CPU = Release|Any CPU
	EndGlobalSection
	GlobalSection(ProjectConfigurationPlatforms) = postSolution
		{EBF8AA82-4F40-47B3-8F9E-A0408F65F3E6}.Debug|Any CPU.ActiveCfg = Debug|Any CPU
		{EBF8AA82-4F40-47B3-8F9E-A0408F65F3E6}.Debug|Any CPU.Build.0 = Debug|Any CPU
		{EBF8AA82-4F40-47B3-8F9E-A0408F65F3E6}.Release|Any CPU.ActiveCfg = Release|Any CPU
		{EBF8AA82-4F40-47B3-8F9E-A0408F65F3E6}.Release|Any CPU.Build.0 = Release|Any CPU
	EndGlobalSection
	GlobalSection(SolutionProperties) = preSolution
		HideSolutionNode = FALSE
	EndGlobalSection
	GlobalSection(ExtensibilityGlobals) = postSolution
		SolutionGuid = {BE1BA9A5-DCBA-49FC-9D82-4ECEEE2B2181}
	EndGlobalSection
EndGlobal
